<?xml version="1.0" encoding="utf-8"?>
<Project ToolsVersion="4.0" xmlns="http://schemas.microsoft.com/developer/msbuild/2003">
  <ItemGroup>
    <Filter Include="Source Files">
      <UniqueIdentifier>{4FC737F1-C7A5-4376-A066-2A32D752A2FF}</UniqueIdentifier>
      <Extensions>cpp;c;cc;cxx;c++;def;odl;idl;hpj;bat;asm;asmx</Extensions>
    </Filter>
    <Filter Include="Header Files">
      <UniqueIdentifier>{93995380-89BD-4b04-88EB-625FBE52EBFB}</UniqueIdentifier>
      <Extensions>h;hh;hpp;hxx;h++;hm;inl;inc;ipp;xsd</Extensions>
    </Filter>
    <Filter Include="Resource Files">
      <UniqueIdentifier>{67DA6AB6-F800-4c08-8B7A-83BB121AAD01}</UniqueIdentifier>
      <Extensions>rc;ico;cur;bmp;dlg;rc2;rct;bin;rgs;gif;jpg;jpeg;jpe;resx;tiff;tif;png;wav;mfcribbon-ms</Extensions>
    </Filter>
    <Filter Include="Header Files\map">
      <UniqueIdentifier>{7b033fe7-a592-4a30-932d-d67847b9120d}</UniqueIdentifier>
    </Filter>
    <Filter Include="Source Files\map">
      <UniqueIdentifier>{97e7f59d-8011-4613-9df1-63e13f3273b9}</UniqueIdentifier>
    </Filter>
    <Filter Include="Source Files\core">
      <UniqueIdentifier>{6e87acb3-84a4-4198-b143-6df743bf7e4d}</UniqueIdentifier>
    </Filter>
    <Filter Include="Header Files\core">
      <UniqueIdentifier>{0374141a-f951-43a3-87ec-b9d4cff41a3f}</UniqueIdentifier>
    </Filter>
    <Filter Include="Header Files\globals">
      <UniqueIdentifier>{287c657d-0339-4cbe-a4fd-008c5421a650}</UniqueIdentifier>
    </Filter>
    <Filter Include="Header Files\stats">
      <UniqueIdentifier>{9dd0e7a2-f90e-45e3-aba6-fb2fe92c11c0}</UniqueIdentifier>
    </Filter>
    <Filter Include="Source Files\stats">
      <UniqueIdentifier>{04fcdabd-61ef-4038-92e1-74623975ef98}</UniqueIdentifier>
    </Filter>
    <Filter Include="Source Files\imgui">
      <UniqueIdentifier>{fa6c1297-5df1-4ee8-b74f-ef8cdb461a78}</UniqueIdentifier>
    </Filter>
  </ItemGroup>
  <ItemGroup>
    <ClCompile Include="src\game\main.cpp">
      <Filter>Source Files</Filter>
    </ClCompile>
    <ClCompile Include="src\game\map\terrain.cpp">
      <Filter>Source Files\map</Filter>
    </ClCompile>
    <ClCompile Include="src\game\core\game.cpp">
      <Filter>Source Files\core</Filter>
    </ClCompile>
    <ClCompile Include="src\game\core\graphics.cpp">
      <Filter>Source Files\core</Filter>
    </ClCompile>
    <ClCompile Include="src\game\core\game_base.cpp">
      <Filter>Source Files\core</Filter>
    </ClCompile>
    <ClCompile Include="src\game\core\resource_manager.cpp">
      <Filter>Source Files\core</Filter>
    </ClCompile>
    <ClCompile Include="src\game\core\window.cpp">
      <Filter>Source Files\core</Filter>
    </ClCompile>
    <ClCompile Include="src\game\core\screen_manager.cpp">
      <Filter>Source Files\core</Filter>
    </ClCompile>
    <ClCompile Include="src\game\stats\debug_screen.cpp">
      <Filter>Source Files\stats</Filter>
    </ClCompile>
    <ClCompile Include="src\game\stats\fps_counter.cpp">
      <Filter>Source Files\stats</Filter>
    </ClCompile>
    <ClCompile Include="src\vendor\imgui-1.76\imgui.cpp">
      <Filter>Source Files\imgui</Filter>
    </ClCompile>
    <ClCompile Include="src\vendor\imgui-1.76\imgui_draw.cpp">
      <Filter>Source Files\imgui</Filter>
    </ClCompile>
    <ClCompile Include="src\vendor\imgui-1.76\imgui_widgets.cpp">
      <Filter>Source Files\imgui</Filter>
    </ClCompile>
    <ClCompile Include="src\vendor\imgui-sfml-2.1\imgui-SFML.cpp">
      <Filter>Source Files\imgui</Filter>
    </ClCompile>
  </ItemGroup>
  <ItemGroup>
    <ClInclude Include="src\game\map\terrain.h">
      <Filter>Header Files\map</Filter>
    </ClInclude>
    <ClInclude Include="src\game\core\game.h">
      <Filter>Header Files\core</Filter>
    </ClInclude>
    <ClInclude Include="src\game\core\graphics.h">
      <Filter>Header Files\core</Filter>
    </ClInclude>
    <ClInclude Include="src\game\core\resource_manager.h">
      <Filter>Header Files\core</Filter>
    </ClInclude>
    <ClInclude Include="src\game\core\game_base.h">
      <Filter>Header Files\core</Filter>
    </ClInclude>
    <ClInclude Include="src\game\globals\constants.h">
      <Filter>Header Files\globals</Filter>
    </ClInclude>
    <ClInclude Include="src\game\core\window.h">
      <Filter>Header Files\core</Filter>
    </ClInclude>
    <ClInclude Include="src\game\core\screen.h">
      <Filter>Header Files\core</Filter>
    </ClInclude>
    <ClInclude Include="src\game\core\screen_manager.h">
      <Filter>Header Files\core</Filter>
    </ClInclude>
    <ClInclude Include="src\game\stats\debug_screen.h">
      <Filter>Header Files\stats</Filter>
    </ClInclude>
    <ClInclude Include="src\game\stats\fps_counter.h">
      <Filter>Header Files\stats</Filter>
    </ClInclude>
  </ItemGroup>
</Project>